// !$*UTF8*$!
{
	archiveVersion = 1;
	classes = {
	};
	objectVersion = 56;
	objects = {

/* Begin PBXBuildFile section */
		3A221AAF2BBC97D9009C4792 /* VasflixApp.swift in Sources */ = {isa = PBXBuildFile; fileRef = 3A221AAE2BBC97D9009C4792 /* VasflixApp.swift */; };
		3A221AB12BBC97D9009C4792 /* ContentView.swift in Sources */ = {isa = PBXBuildFile; fileRef = 3A221AB02BBC97D9009C4792 /* ContentView.swift */; };
		3A221AB32BBC97DA009C4792 /* Assets.xcassets in Resources */ = {isa = PBXBuildFile; fileRef = 3A221AB22BBC97DA009C4792 /* Assets.xcassets */; };
		3A221AB62BBC97DA009C4792 /* Preview Assets.xcassets in Resources */ = {isa = PBXBuildFile; fileRef = 3A221AB52BBC97DA009C4792 /* Preview Assets.xcassets */; };
		3A452D8C2BE6269700ECB52A /* DiscoverMoviesModel.swift in Sources */ = {isa = PBXBuildFile; fileRef = 3A452D8B2BE6269700ECB52A /* DiscoverMoviesModel.swift */; };
		3A452D912BEB56F900ECB52A /* FirebaseAuth in Frameworks */ = {isa = PBXBuildFile; productRef = 3A452D902BEB56F900ECB52A /* FirebaseAuth */; };
		3A452D932BEB56F900ECB52A /* FirebaseFirestore in Frameworks */ = {isa = PBXBuildFile; productRef = 3A452D922BEB56F900ECB52A /* FirebaseFirestore */; };
		3A452D952BEB580100ECB52A /* GoogleService-Info.plist in Resources */ = {isa = PBXBuildFile; fileRef = 3A452D942BEB580100ECB52A /* GoogleService-Info.plist */; };
		3A452D982BEC707C00ECB52A /* GoogleSignIn in Frameworks */ = {isa = PBXBuildFile; productRef = 3A452D972BEC707C00ECB52A /* GoogleSignIn */; };
		3A452D9A2BEC707C00ECB52A /* GoogleSignInSwift in Frameworks */ = {isa = PBXBuildFile; productRef = 3A452D992BEC707C00ECB52A /* GoogleSignInSwift */; };
		3A452D9D2BECA1EC00ECB52A /* +View.swift in Sources */ = {isa = PBXBuildFile; fileRef = 3A452D9C2BECA1EC00ECB52A /* +View.swift */; };
		3A5720562BD8D6080014B5C0 /* ReviewMovieView.swift in Sources */ = {isa = PBXBuildFile; fileRef = 3A5720552BD8D6080014B5C0 /* ReviewMovieView.swift */; };
		3A57208C2BDD92430014B5C0 /* ButtonActions.swift in Sources */ = {isa = PBXBuildFile; fileRef = 3A57208B2BDD92430014B5C0 /* ButtonActions.swift */; };
		3A668DBC2CAB9D690006AA70 /* GetApiDataViewModel.swift in Sources */ = {isa = PBXBuildFile; fileRef = 3A668DBB2CAB9D690006AA70 /* GetApiDataViewModel.swift */; };
		3AA51D632BC90B8400D19F3E /* PopularMoviesModel.swift in Sources */ = {isa = PBXBuildFile; fileRef = 3AA51D622BC90B8400D19F3E /* PopularMoviesModel.swift */; };
		3AA51D652BC9124D00D19F3E /* ErrorFile.swift in Sources */ = {isa = PBXBuildFile; fileRef = 3AA51D642BC9124D00D19F3E /* ErrorFile.swift */; };
		3AA51D6C2BCD07E200D19F3E /* .env.swift in Sources */ = {isa = PBXBuildFile; fileRef = 3AA51D6B2BCD07E200D19F3E /* .env.swift */; };
		3AA51D702BCE5B5800D19F3E /* TopRatedMoviesModel.swift in Sources */ = {isa = PBXBuildFile; fileRef = 3AA51D6F2BCE5B5800D19F3E /* TopRatedMoviesModel.swift */; };
		3AA51D742BCE610100D19F3E /* UpcomingMoviesModel.swift in Sources */ = {isa = PBXBuildFile; fileRef = 3AA51D732BCE610100D19F3E /* UpcomingMoviesModel.swift */; };
		3AA51D782BCE629600D19F3E /* NowPlayingMovieModel.swift in Sources */ = {isa = PBXBuildFile; fileRef = 3AA51D772BCE629600D19F3E /* NowPlayingMovieModel.swift */; };
		3AA51D7C2BD1D92000D19F3E /* MovieGenderListModel.swift in Sources */ = {isa = PBXBuildFile; fileRef = 3AA51D7B2BD1D92000D19F3E /* MovieGenderListModel.swift */; };
		3AD3674F2BBC9C1C00883573 /* ColorTheme.swift in Sources */ = {isa = PBXBuildFile; fileRef = 3AD3674E2BBC9C1C00883573 /* ColorTheme.swift */; };
		3AD367522BBCB74100883573 /* Launch Screen.storyboard in Resources */ = {isa = PBXBuildFile; fileRef = 3AD367512BBCB74100883573 /* Launch Screen.storyboard */; };
		3AD367542BBCBA5500883573 /* LogoComponentView.swift in Sources */ = {isa = PBXBuildFile; fileRef = 3AD367532BBCBA5500883573 /* LogoComponentView.swift */; };
		3AD367562BBCC6D800883573 /* NavigationButtonComponentView.swift in Sources */ = {isa = PBXBuildFile; fileRef = 3AD367552BBCC6D800883573 /* NavigationButtonComponentView.swift */; };
		3AD3675A2BBDD5E400883573 /* HomeView.swift in Sources */ = {isa = PBXBuildFile; fileRef = 3AD367592BBDD5E400883573 /* HomeView.swift */; };
		3AD3675C2BBDEBB200883573 /* SignInView.swift in Sources */ = {isa = PBXBuildFile; fileRef = 3AD3675B2BBDEBB200883573 /* SignInView.swift */; };
		3AD3675E2BBDEC1B00883573 /* SignUpView.swift in Sources */ = {isa = PBXBuildFile; fileRef = 3AD3675D2BBDEC1B00883573 /* SignUpView.swift */; };
		3AD367602BBE1A1200883573 /* HorizontalPosterCardComponentView.swift in Sources */ = {isa = PBXBuildFile; fileRef = 3AD3675F2BBE1A1200883573 /* HorizontalPosterCardComponentView.swift */; };
		3AD367622BBF050F00883573 /* VerticalPosterCardComponentView.swift in Sources */ = {isa = PBXBuildFile; fileRef = 3AD367612BBF050F00883573 /* VerticalPosterCardComponentView.swift */; };
		3AD367642BC1027700883573 /* InitialView.swift in Sources */ = {isa = PBXBuildFile; fileRef = 3AD367632BC1027700883573 /* InitialView.swift */; };
		3AD367662BC105D000883573 /* FavoritesView.swift in Sources */ = {isa = PBXBuildFile; fileRef = 3AD367652BC105D000883573 /* FavoritesView.swift */; };
		3AD367682BC1060000883573 /* SearchView.swift in Sources */ = {isa = PBXBuildFile; fileRef = 3AD367672BC1060000883573 /* SearchView.swift */; };
		3AD3676A2BC1060F00883573 /* SettingsView.swift in Sources */ = {isa = PBXBuildFile; fileRef = 3AD367692BC1060F00883573 /* SettingsView.swift */; };
		3AD3676C2BC118F200883573 /* TabData.swift in Sources */ = {isa = PBXBuildFile; fileRef = 3AD3676B2BC118F200883573 /* TabData.swift */; };
		3AD3676E2BC11B5D00883573 /* CustomTabBar.swift in Sources */ = {isa = PBXBuildFile; fileRef = 3AD3676D2BC11B5D00883573 /* CustomTabBar.swift */; };
/* End PBXBuildFile section */

/* Begin PBXFileReference section */
		3A221AAB2BBC97D9009C4792 /* Vasflix.app */ = {isa = PBXFileReference; explicitFileType = wrapper.application; includeInIndex = 0; path = Vasflix.app; sourceTree = BUILT_PRODUCTS_DIR; };
		3A221AAE2BBC97D9009C4792 /* VasflixApp.swift */ = {isa = PBXFileReference; lastKnownFileType = sourcecode.swift; path = VasflixApp.swift; sourceTree = "<group>"; };
		3A221AB02BBC97D9009C4792 /* ContentView.swift */ = {isa = PBXFileReference; lastKnownFileType = sourcecode.swift; path = ContentView.swift; sourceTree = "<group>"; };
		3A221AB22BBC97DA009C4792 /* Assets.xcassets */ = {isa = PBXFileReference; lastKnownFileType = folder.assetcatalog; path = Assets.xcassets; sourceTree = "<group>"; };
		3A221AB52BBC97DA009C4792 /* Preview Assets.xcassets */ = {isa = PBXFileReference; lastKnownFileType = folder.assetcatalog; path = "Preview Assets.xcassets"; sourceTree = "<group>"; };
		3A452D8B2BE6269700ECB52A /* DiscoverMoviesModel.swift */ = {isa = PBXFileReference; lastKnownFileType = sourcecode.swift; path = DiscoverMoviesModel.swift; sourceTree = "<group>"; };
		3A452D942BEB580100ECB52A /* GoogleService-Info.plist */ = {isa = PBXFileReference; fileEncoding = 4; lastKnownFileType = text.plist.xml; path = "GoogleService-Info.plist"; sourceTree = "<group>"; };
		3A452D9C2BECA1EC00ECB52A /* +View.swift */ = {isa = PBXFileReference; lastKnownFileType = sourcecode.swift; path = "+View.swift"; sourceTree = "<group>"; };
		3A5720552BD8D6080014B5C0 /* ReviewMovieView.swift */ = {isa = PBXFileReference; lastKnownFileType = sourcecode.swift; path = ReviewMovieView.swift; sourceTree = "<group>"; };
		3A57208B2BDD92430014B5C0 /* ButtonActions.swift */ = {isa = PBXFileReference; lastKnownFileType = sourcecode.swift; path = ButtonActions.swift; sourceTree = "<group>"; };
		3A668DBB2CAB9D690006AA70 /* GetApiDataViewModel.swift */ = {isa = PBXFileReference; lastKnownFileType = sourcecode.swift; path = GetApiDataViewModel.swift; sourceTree = "<group>"; };
		3AA51D622BC90B8400D19F3E /* PopularMoviesModel.swift */ = {isa = PBXFileReference; lastKnownFileType = sourcecode.swift; path = PopularMoviesModel.swift; sourceTree = "<group>"; };
		3AA51D642BC9124D00D19F3E /* ErrorFile.swift */ = {isa = PBXFileReference; lastKnownFileType = sourcecode.swift; path = ErrorFile.swift; sourceTree = "<group>"; };
		3AA51D6B2BCD07E200D19F3E /* .env.swift */ = {isa = PBXFileReference; lastKnownFileType = sourcecode.swift; path = .env.swift; sourceTree = "<group>"; };
		3AA51D6F2BCE5B5800D19F3E /* TopRatedMoviesModel.swift */ = {isa = PBXFileReference; lastKnownFileType = sourcecode.swift; path = TopRatedMoviesModel.swift; sourceTree = "<group>"; };
		3AA51D732BCE610100D19F3E /* UpcomingMoviesModel.swift */ = {isa = PBXFileReference; lastKnownFileType = sourcecode.swift; path = UpcomingMoviesModel.swift; sourceTree = "<group>"; };
		3AA51D772BCE629600D19F3E /* NowPlayingMovieModel.swift */ = {isa = PBXFileReference; lastKnownFileType = sourcecode.swift; path = NowPlayingMovieModel.swift; sourceTree = "<group>"; };
		3AA51D7B2BD1D92000D19F3E /* MovieGenderListModel.swift */ = {isa = PBXFileReference; lastKnownFileType = sourcecode.swift; path = MovieGenderListModel.swift; sourceTree = "<group>"; };
		3AD3674E2BBC9C1C00883573 /* ColorTheme.swift */ = {isa = PBXFileReference; lastKnownFileType = sourcecode.swift; path = ColorTheme.swift; sourceTree = "<group>"; };
		3AD367502BBCB4E400883573 /* Info.plist */ = {isa = PBXFileReference; lastKnownFileType = text.plist; path = Info.plist; sourceTree = "<group>"; };
		3AD367512BBCB74100883573 /* Launch Screen.storyboard */ = {isa = PBXFileReference; lastKnownFileType = file.storyboard; path = "Launch Screen.storyboard"; sourceTree = "<group>"; };
		3AD367532BBCBA5500883573 /* LogoComponentView.swift */ = {isa = PBXFileReference; lastKnownFileType = sourcecode.swift; path = LogoComponentView.swift; sourceTree = "<group>"; };
		3AD367552BBCC6D800883573 /* NavigationButtonComponentView.swift */ = {isa = PBXFileReference; lastKnownFileType = sourcecode.swift; path = NavigationButtonComponentView.swift; sourceTree = "<group>"; };
		3AD367592BBDD5E400883573 /* HomeView.swift */ = {isa = PBXFileReference; lastKnownFileType = sourcecode.swift; path = HomeView.swift; sourceTree = "<group>"; };
		3AD3675B2BBDEBB200883573 /* SignInView.swift */ = {isa = PBXFileReference; lastKnownFileType = sourcecode.swift; path = SignInView.swift; sourceTree = "<group>"; };
		3AD3675D2BBDEC1B00883573 /* SignUpView.swift */ = {isa = PBXFileReference; lastKnownFileType = sourcecode.swift; path = SignUpView.swift; sourceTree = "<group>"; };
		3AD3675F2BBE1A1200883573 /* HorizontalPosterCardComponentView.swift */ = {isa = PBXFileReference; lastKnownFileType = sourcecode.swift; path = HorizontalPosterCardComponentView.swift; sourceTree = "<group>"; };
		3AD367612BBF050F00883573 /* VerticalPosterCardComponentView.swift */ = {isa = PBXFileReference; lastKnownFileType = sourcecode.swift; path = VerticalPosterCardComponentView.swift; sourceTree = "<group>"; };
		3AD367632BC1027700883573 /* InitialView.swift */ = {isa = PBXFileReference; lastKnownFileType = sourcecode.swift; path = InitialView.swift; sourceTree = "<group>"; };
		3AD367652BC105D000883573 /* FavoritesView.swift */ = {isa = PBXFileReference; lastKnownFileType = sourcecode.swift; path = FavoritesView.swift; sourceTree = "<group>"; };
		3AD367672BC1060000883573 /* SearchView.swift */ = {isa = PBXFileReference; lastKnownFileType = sourcecode.swift; path = SearchView.swift; sourceTree = "<group>"; };
		3AD367692BC1060F00883573 /* SettingsView.swift */ = {isa = PBXFileReference; lastKnownFileType = sourcecode.swift; path = SettingsView.swift; sourceTree = "<group>"; };
		3AD3676B2BC118F200883573 /* TabData.swift */ = {isa = PBXFileReference; lastKnownFileType = sourcecode.swift; path = TabData.swift; sourceTree = "<group>"; };
		3AD3676D2BC11B5D00883573 /* CustomTabBar.swift */ = {isa = PBXFileReference; lastKnownFileType = sourcecode.swift; path = CustomTabBar.swift; sourceTree = "<group>"; };
/* End PBXFileReference section */

/* Begin PBXFrameworksBuildPhase section */
		3A221AA82BBC97D9009C4792 /* Frameworks */ = {
			isa = PBXFrameworksBuildPhase;
			buildActionMask = 2147483647;
			files = (
				3A452D912BEB56F900ECB52A /* FirebaseAuth in Frameworks */,
				3A452D932BEB56F900ECB52A /* FirebaseFirestore in Frameworks */,
				3A452D982BEC707C00ECB52A /* GoogleSignIn in Frameworks */,
				3A452D9A2BEC707C00ECB52A /* GoogleSignInSwift in Frameworks */,
			);
			runOnlyForDeploymentPostprocessing = 0;
		};
/* End PBXFrameworksBuildPhase section */

/* Begin PBXGroup section */
		3A221AA22BBC97D9009C4792 = {
			isa = PBXGroup;
			children = (
				3A221AAD2BBC97D9009C4792 /* Vasflix */,
				3A221AAC2BBC97D9009C4792 /* Products */,
			);
			sourceTree = "<group>";
		};
		3A221AAC2BBC97D9009C4792 /* Products */ = {
			isa = PBXGroup;
			children = (
				3A221AAB2BBC97D9009C4792 /* Vasflix.app */,
			);
			name = Products;
			sourceTree = "<group>";
		};
		3A221AAD2BBC97D9009C4792 /* Vasflix */ = {
			isa = PBXGroup;
			children = (
				3A452D9B2BECA1D000ECB52A /* Helper */,
				3A452D942BEB580100ECB52A /* GoogleService-Info.plist */,
				3AD367502BBCB4E400883573 /* Info.plist */,
				3A221ABD2BBC9817009C4792 /* Model */,
				3A221ABC2BBC980A009C4792 /* View */,
				3A221ABE2BBC9824009C4792 /* ViewModel */,
				3A221AAE2BBC97D9009C4792 /* VasflixApp.swift */,
				3A221AB22BBC97DA009C4792 /* Assets.xcassets */,
				3A221AB42BBC97DA009C4792 /* Preview Content */,
				3AD367512BBCB74100883573 /* Launch Screen.storyboard */,
				3AA51D6B2BCD07E200D19F3E /* .env.swift */,
			);
			path = Vasflix;
			sourceTree = "<group>";
		};
		3A221AB42BBC97DA009C4792 /* Preview Content */ = {
			isa = PBXGroup;
			children = (
				3A221AB52BBC97DA009C4792 /* Preview Assets.xcassets */,
			);
			path = "Preview Content";
			sourceTree = "<group>";
		};
		3A221ABC2BBC980A009C4792 /* View */ = {
			isa = PBXGroup;
			children = (
				3AD3674D2BBC9BFA00883573 /* Theme */,
				3A221ABF2BBC98EE009C4792 /* Components */,
				3A221AB02BBC97D9009C4792 /* ContentView.swift */,
				3AD367652BC105D000883573 /* FavoritesView.swift */,
				3AD367592BBDD5E400883573 /* HomeView.swift */,
				3AD3675B2BBDEBB200883573 /* SignInView.swift */,
				3AD3675D2BBDEC1B00883573 /* SignUpView.swift */,
				3AD367632BC1027700883573 /* InitialView.swift */,
				3AD367672BC1060000883573 /* SearchView.swift */,
				3AD367692BC1060F00883573 /* SettingsView.swift */,
				3A5720552BD8D6080014B5C0 /* ReviewMovieView.swift */,
			);
			path = View;
			sourceTree = "<group>";
		};
		3A221ABD2BBC9817009C4792 /* Model */ = {
			isa = PBXGroup;
			children = (
				3AD3676B2BC118F200883573 /* TabData.swift */,
				3AA51D622BC90B8400D19F3E /* PopularMoviesModel.swift */,
				3AA51D642BC9124D00D19F3E /* ErrorFile.swift */,
				3AA51D6F2BCE5B5800D19F3E /* TopRatedMoviesModel.swift */,
				3AA51D732BCE610100D19F3E /* UpcomingMoviesModel.swift */,
				3AA51D772BCE629600D19F3E /* NowPlayingMovieModel.swift */,
				3AA51D7B2BD1D92000D19F3E /* MovieGenderListModel.swift */,
				3A57208B2BDD92430014B5C0 /* ButtonActions.swift */,
				3A452D8B2BE6269700ECB52A /* DiscoverMoviesModel.swift */,
			);
			path = Model;
			sourceTree = "<group>";
		};
		3A221ABE2BBC9824009C4792 /* ViewModel */ = {
			isa = PBXGroup;
			children = (
				3A668DBB2CAB9D690006AA70 /* GetApiDataViewModel.swift */,
			);
			path = ViewModel;
			sourceTree = "<group>";
		};
		3A221ABF2BBC98EE009C4792 /* Components */ = {
			isa = PBXGroup;
			children = (
				3AD367532BBCBA5500883573 /* LogoComponentView.swift */,
				3AD367552BBCC6D800883573 /* NavigationButtonComponentView.swift */,
				3AD3675F2BBE1A1200883573 /* HorizontalPosterCardComponentView.swift */,
				3AD367612BBF050F00883573 /* VerticalPosterCardComponentView.swift */,
				3AD3676D2BC11B5D00883573 /* CustomTabBar.swift */,
			);
			path = Components;
			sourceTree = "<group>";
		};
		3A452D9B2BECA1D000ECB52A /* Helper */ = {
			isa = PBXGroup;
			children = (
				3A452D9C2BECA1EC00ECB52A /* +View.swift */,
			);
			path = Helper;
			sourceTree = "<group>";
		};
		3AD3674D2BBC9BFA00883573 /* Theme */ = {
			isa = PBXGroup;
			children = (
				3AD3674E2BBC9C1C00883573 /* ColorTheme.swift */,
			);
			path = Theme;
			sourceTree = "<group>";
		};
/* End PBXGroup section */

/* Begin PBXNativeTarget section */
		3A221AAA2BBC97D9009C4792 /* Vasflix */ = {
			isa = PBXNativeTarget;
			buildConfigurationList = 3A221AB92BBC97DA009C4792 /* Build configuration list for PBXNativeTarget "Vasflix" */;
			buildPhases = (
				3A221AA72BBC97D9009C4792 /* Sources */,
				3A221AA82BBC97D9009C4792 /* Frameworks */,
				3A221AA92BBC97D9009C4792 /* Resources */,
			);
			buildRules = (
			);
			dependencies = (
			);
			name = Vasflix;
			packageProductDependencies = (
				3A452D902BEB56F900ECB52A /* FirebaseAuth */,
				3A452D922BEB56F900ECB52A /* FirebaseFirestore */,
				3A452D972BEC707C00ECB52A /* GoogleSignIn */,
				3A452D992BEC707C00ECB52A /* GoogleSignInSwift */,
			);
			productName = Vasflix;
			productReference = 3A221AAB2BBC97D9009C4792 /* Vasflix.app */;
			productType = "com.apple.product-type.application";
		};
/* End PBXNativeTarget section */

/* Begin PBXProject section */
		3A221AA32BBC97D9009C4792 /* Project object */ = {
			isa = PBXProject;
			attributes = {
				BuildIndependentTargetsInParallel = 1;
				LastSwiftUpdateCheck = 1520;
				LastUpgradeCheck = 1520;
				TargetAttributes = {
					3A221AAA2BBC97D9009C4792 = {
						CreatedOnToolsVersion = 15.2;
					};
				};
			};
			buildConfigurationList = 3A221AA62BBC97D9009C4792 /* Build configuration list for PBXProject "Vasflix" */;
			compatibilityVersion = "Xcode 14.0";
			developmentRegion = en;
			hasScannedForEncodings = 0;
			knownRegions = (
				en,
				Base,
			);
			mainGroup = 3A221AA22BBC97D9009C4792;
			packageReferences = (
				3A452D8F2BEB56F900ECB52A /* XCRemoteSwiftPackageReference "firebase-ios-sdk" */,
				3A452D962BEC707C00ECB52A /* XCRemoteSwiftPackageReference "GoogleSignIn-iOS" */,
			);
			productRefGroup = 3A221AAC2BBC97D9009C4792 /* Products */;
			projectDirPath = "";
			projectRoot = "";
			targets = (
				3A221AAA2BBC97D9009C4792 /* Vasflix */,
			);
		};
/* End PBXProject section */

/* Begin PBXResourcesBuildPhase section */
		3A221AA92BBC97D9009C4792 /* Resources */ = {
			isa = PBXResourcesBuildPhase;
			buildActionMask = 2147483647;
			files = (
				3A452D952BEB580100ECB52A /* GoogleService-Info.plist in Resources */,
				3AD367522BBCB74100883573 /* Launch Screen.storyboard in Resources */,
				3A221AB62BBC97DA009C4792 /* Preview Assets.xcassets in Resources */,
				3A221AB32BBC97DA009C4792 /* Assets.xcassets in Resources */,
			);
			runOnlyForDeploymentPostprocessing = 0;
		};
/* End PBXResourcesBuildPhase section */

/* Begin PBXSourcesBuildPhase section */
		3A221AA72BBC97D9009C4792 /* Sources */ = {
			isa = PBXSourcesBuildPhase;
			buildActionMask = 2147483647;
			files = (
				3AD367642BC1027700883573 /* InitialView.swift in Sources */,
				3A668DBC2CAB9D690006AA70 /* GetApiDataViewModel.swift in Sources */,
				3AD3676C2BC118F200883573 /* TabData.swift in Sources */,
				3AA51D742BCE610100D19F3E /* UpcomingMoviesModel.swift in Sources */,
				3AD3675A2BBDD5E400883573 /* HomeView.swift in Sources */,
				3AD3675C2BBDEBB200883573 /* SignInView.swift in Sources */,
				3AD3676E2BC11B5D00883573 /* CustomTabBar.swift in Sources */,
				3AD3674F2BBC9C1C00883573 /* ColorTheme.swift in Sources */,
				3A57208C2BDD92430014B5C0 /* ButtonActions.swift in Sources */,
				3AA51D7C2BD1D92000D19F3E /* MovieGenderListModel.swift in Sources */,
				3AD367562BBCC6D800883573 /* NavigationButtonComponentView.swift in Sources */,
				3AA51D652BC9124D00D19F3E /* ErrorFile.swift in Sources */,
				3AA51D632BC90B8400D19F3E /* PopularMoviesModel.swift in Sources */,
				3AD3675E2BBDEC1B00883573 /* SignUpView.swift in Sources */,
				3AD367542BBCBA5500883573 /* LogoComponentView.swift in Sources */,
				3AA51D782BCE629600D19F3E /* NowPlayingMovieModel.swift in Sources */,
				3A452D9D2BECA1EC00ECB52A /* +View.swift in Sources */,
				3AD3676A2BC1060F00883573 /* SettingsView.swift in Sources */,
				3AA51D6C2BCD07E200D19F3E /* .env.swift in Sources */,
				3A221AB12BBC97D9009C4792 /* ContentView.swift in Sources */,
				3AD367682BC1060000883573 /* SearchView.swift in Sources */,
				3AD367662BC105D000883573 /* FavoritesView.swift in Sources */,
				3A452D8C2BE6269700ECB52A /* DiscoverMoviesModel.swift in Sources */,
				3A221AAF2BBC97D9009C4792 /* VasflixApp.swift in Sources */,
				3AD367602BBE1A1200883573 /* HorizontalPosterCardComponentView.swift in Sources */,
				3A5720562BD8D6080014B5C0 /* ReviewMovieView.swift in Sources */,
				3AD367622BBF050F00883573 /* VerticalPosterCardComponentView.swift in Sources */,
				3AA51D702BCE5B5800D19F3E /* TopRatedMoviesModel.swift in Sources */,
			);
			runOnlyForDeploymentPostprocessing = 0;
		};
/* End PBXSourcesBuildPhase section */

/* Begin XCBuildConfiguration section */
		3A221AB72BBC97DA009C4792 /* Debug */ = {
			isa = XCBuildConfiguration;
			buildSettings = {
				ALWAYS_SEARCH_USER_PATHS = NO;
				ASSETCATALOG_COMPILER_GENERATE_SWIFT_ASSET_SYMBOL_EXTENSIONS = YES;
				CLANG_ANALYZER_NONNULL = YES;
				CLANG_ANALYZER_NUMBER_OBJECT_CONVERSION = YES_AGGRESSIVE;
				CLANG_CXX_LANGUAGE_STANDARD = "gnu++20";
				CLANG_ENABLE_MODULES = YES;
				CLANG_ENABLE_OBJC_ARC = YES;
				CLANG_ENABLE_OBJC_WEAK = YES;
				CLANG_WARN_BLOCK_CAPTURE_AUTORELEASING = YES;
				CLANG_WARN_BOOL_CONVERSION = YES;
				CLANG_WARN_COMMA = YES;
				CLANG_WARN_CONSTANT_CONVERSION = YES;
				CLANG_WARN_DEPRECATED_OBJC_IMPLEMENTATIONS = YES;
				CLANG_WARN_DIRECT_OBJC_ISA_USAGE = YES_ERROR;
				CLANG_WARN_DOCUMENTATION_COMMENTS = YES;
				CLANG_WARN_EMPTY_BODY = YES;
				CLANG_WARN_ENUM_CONVERSION = YES;
				CLANG_WARN_INFINITE_RECURSION = YES;
				CLANG_WARN_INT_CONVERSION = YES;
				CLANG_WARN_NON_LITERAL_NULL_CONVERSION = YES;
				CLANG_WARN_OBJC_IMPLICIT_RETAIN_SELF = YES;
				CLANG_WARN_OBJC_LITERAL_CONVERSION = YES;
				CLANG_WARN_OBJC_ROOT_CLASS = YES_ERROR;
				CLANG_WARN_QUOTED_INCLUDE_IN_FRAMEWORK_HEADER = YES;
				CLANG_WARN_RANGE_LOOP_ANALYSIS = YES;
				CLANG_WARN_STRICT_PROTOTYPES = YES;
				CLANG_WARN_SUSPICIOUS_MOVE = YES;
				CLANG_WARN_UNGUARDED_AVAILABILITY = YES_AGGRESSIVE;
				CLANG_WARN_UNREACHABLE_CODE = YES;
				CLANG_WARN__DUPLICATE_METHOD_MATCH = YES;
				COPY_PHASE_STRIP = NO;
				DEBUG_INFORMATION_FORMAT = dwarf;
				ENABLE_STRICT_OBJC_MSGSEND = YES;
				ENABLE_TESTABILITY = YES;
				ENABLE_USER_SCRIPT_SANDBOXING = YES;
				GCC_C_LANGUAGE_STANDARD = gnu17;
				GCC_DYNAMIC_NO_PIC = NO;
				GCC_NO_COMMON_BLOCKS = YES;
				GCC_OPTIMIZATION_LEVEL = 0;
				GCC_PREPROCESSOR_DEFINITIONS = (
					"DEBUG=1",
					"$(inherited)",
				);
				GCC_WARN_64_TO_32_BIT_CONVERSION = YES;
				GCC_WARN_ABOUT_RETURN_TYPE = YES_ERROR;
				GCC_WARN_UNDECLARED_SELECTOR = YES;
				GCC_WARN_UNINITIALIZED_AUTOS = YES_AGGRESSIVE;
				GCC_WARN_UNUSED_FUNCTION = YES;
				GCC_WARN_UNUSED_VARIABLE = YES;
				IPHONEOS_DEPLOYMENT_TARGET = 17.2;
				LOCALIZATION_PREFERS_STRING_CATALOGS = YES;
				MTL_ENABLE_DEBUG_INFO = INCLUDE_SOURCE;
				MTL_FAST_MATH = YES;
				ONLY_ACTIVE_ARCH = YES;
				SDKROOT = iphoneos;
				SWIFT_ACTIVE_COMPILATION_CONDITIONS = "DEBUG $(inherited)";
				SWIFT_OPTIMIZATION_LEVEL = "-Onone";
			};
			name = Debug;
		};
		3A221AB82BBC97DA009C4792 /* Release */ = {
			isa = XCBuildConfiguration;
			buildSettings = {
				ALWAYS_SEARCH_USER_PATHS = NO;
				ASSETCATALOG_COMPILER_GENERATE_SWIFT_ASSET_SYMBOL_EXTENSIONS = YES;
				CLANG_ANALYZER_NONNULL = YES;
				CLANG_ANALYZER_NUMBER_OBJECT_CONVERSION = YES_AGGRESSIVE;
				CLANG_CXX_LANGUAGE_STANDARD = "gnu++20";
				CLANG_ENABLE_MODULES = YES;
				CLANG_ENABLE_OBJC_ARC = YES;
				CLANG_ENABLE_OBJC_WEAK = YES;
				CLANG_WARN_BLOCK_CAPTURE_AUTORELEASING = YES;
				CLANG_WARN_BOOL_CONVERSION = YES;
				CLANG_WARN_COMMA = YES;
				CLANG_WARN_CONSTANT_CONVERSION = YES;
				CLANG_WARN_DEPRECATED_OBJC_IMPLEMENTATIONS = YES;
				CLANG_WARN_DIRECT_OBJC_ISA_USAGE = YES_ERROR;
				CLANG_WARN_DOCUMENTATION_COMMENTS = YES;
				CLANG_WARN_EMPTY_BODY = YES;
				CLANG_WARN_ENUM_CONVERSION = YES;
				CLANG_WARN_INFINITE_RECURSION = YES;
				CLANG_WARN_INT_CONVERSION = YES;
				CLANG_WARN_NON_LITERAL_NULL_CONVERSION = YES;
				CLANG_WARN_OBJC_IMPLICIT_RETAIN_SELF = YES;
				CLANG_WARN_OBJC_LITERAL_CONVERSION = YES;
				CLANG_WARN_OBJC_ROOT_CLASS = YES_ERROR;
				CLANG_WARN_QUOTED_INCLUDE_IN_FRAMEWORK_HEADER = YES;
				CLANG_WARN_RANGE_LOOP_ANALYSIS = YES;
				CLANG_WARN_STRICT_PROTOTYPES = YES;
				CLANG_WARN_SUSPICIOUS_MOVE = YES;
				CLANG_WARN_UNGUARDED_AVAILABILITY = YES_AGGRESSIVE;
				CLANG_WARN_UNREACHABLE_CODE = YES;
				CLANG_WARN__DUPLICATE_METHOD_MATCH = YES;
				COPY_PHASE_STRIP = NO;
				DEBUG_INFORMATION_FORMAT = "dwarf-with-dsym";
				ENABLE_NS_ASSERTIONS = NO;
				ENABLE_STRICT_OBJC_MSGSEND = YES;
				ENABLE_USER_SCRIPT_SANDBOXING = YES;
				GCC_C_LANGUAGE_STANDARD = gnu17;
				GCC_NO_COMMON_BLOCKS = YES;
				GCC_WARN_64_TO_32_BIT_CONVERSION = YES;
				GCC_WARN_ABOUT_RETURN_TYPE = YES_ERROR;
				GCC_WARN_UNDECLARED_SELECTOR = YES;
				GCC_WARN_UNINITIALIZED_AUTOS = YES_AGGRESSIVE;
				GCC_WARN_UNUSED_FUNCTION = YES;
				GCC_WARN_UNUSED_VARIABLE = YES;
				IPHONEOS_DEPLOYMENT_TARGET = 17.2;
				LOCALIZATION_PREFERS_STRING_CATALOGS = YES;
				MTL_ENABLE_DEBUG_INFO = NO;
				MTL_FAST_MATH = YES;
				SDKROOT = iphoneos;
				SWIFT_COMPILATION_MODE = wholemodule;
				VALIDATE_PRODUCT = YES;
			};
			name = Release;
		};
		3A221ABA2BBC97DA009C4792 /* Debug */ = {
			isa = XCBuildConfiguration;
			buildSettings = {
				ASSETCATALOG_COMPILER_APPICON_NAME = AppIcon;
				ASSETCATALOG_COMPILER_GLOBAL_ACCENT_COLOR_NAME = AccentColor;
				CODE_SIGN_STYLE = Automatic;
				CURRENT_PROJECT_VERSION = 1;
				DEVELOPMENT_ASSET_PATHS = "\"Vasflix/Preview Content\"";
				DEVELOPMENT_TEAM = FPLL427MT3;
				ENABLE_PREVIEWS = YES;
				GENERATE_INFOPLIST_FILE = YES;
				INFOPLIST_FILE = Vasflix/Info.plist;
				INFOPLIST_KEY_UIApplicationSceneManifest_Generation = YES;
				INFOPLIST_KEY_UIApplicationSupportsIndirectInputEvents = YES;
				INFOPLIST_KEY_UILaunchScreen_Generation = YES;
				INFOPLIST_KEY_UILaunchStoryboardName = "Launch Screen.storyboard";
				INFOPLIST_KEY_UISupportedInterfaceOrientations = UIInterfaceOrientationPortrait;
				INFOPLIST_KEY_UISupportedInterfaceOrientations_iPad = "UIInterfaceOrientationLandscapeLeft UIInterfaceOrientationLandscapeRight UIInterfaceOrientationPortrait UIInterfaceOrientationPortraitUpsideDown";
				IPHONEOS_DEPLOYMENT_TARGET = 18.0;
				LD_RUNPATH_SEARCH_PATHS = (
					"$(inherited)",
					"@executable_path/Frameworks",
				);
				MARKETING_VERSION = 1.0;
				PRODUCT_BUNDLE_IDENTIFIER = com.adrianC.Vasflix;
				PRODUCT_NAME = "$(TARGET_NAME)";
				SUPPORTED_PLATFORMS = "iphoneos iphonesimulator";
				SUPPORTS_MACCATALYST = NO;
				SUPPORTS_MAC_DESIGNED_FOR_IPHONE_IPAD = NO;
				SUPPORTS_XR_DESIGNED_FOR_IPHONE_IPAD = NO;
				SWIFT_EMIT_LOC_STRINGS = YES;
				SWIFT_VERSION = 5.0;
				TARGETED_DEVICE_FAMILY = 1;
			};
			name = Debug;
		};
		3A221ABB2BBC97DA009C4792 /* Release */ = {
			isa = XCBuildConfiguration;
			buildSettings = {
				ASSETCATALOG_COMPILER_APPICON_NAME = AppIcon;
				ASSETCATALOG_COMPILER_GLOBAL_ACCENT_COLOR_NAME = AccentColor;
				CODE_SIGN_STYLE = Automatic;
				CURRENT_PROJECT_VERSION = 1;
				DEVELOPMENT_ASSET_PATHS = "\"Vasflix/Preview Content\"";
				DEVELOPMENT_TEAM = FPLL427MT3;
				ENABLE_PREVIEWS = YES;
				GENERATE_INFOPLIST_FILE = YES;
				INFOPLIST_FILE = Vasflix/Info.plist;
				INFOPLIST_KEY_UIApplicationSceneManifest_Generation = YES;
				INFOPLIST_KEY_UIApplicationSupportsIndirectInputEvents = YES;
				INFOPLIST_KEY_UILaunchScreen_Generation = YES;
				INFOPLIST_KEY_UILaunchStoryboardName = "Launch Screen.storyboard";
				INFOPLIST_KEY_UISupportedInterfaceOrientations = UIInterfaceOrientationPortrait;
				INFOPLIST_KEY_UISupportedInterfaceOrientations_iPad = "UIInterfaceOrientationLandscapeLeft UIInterfaceOrientationLandscapeRight UIInterfaceOrientationPortrait UIInterfaceOrientationPortraitUpsideDown";
				IPHONEOS_DEPLOYMENT_TARGET = 18.0;
				LD_RUNPATH_SEARCH_PATHS = (
					"$(inherited)",
					"@executable_path/Frameworks",
				);
				MARKETING_VERSION = 1.0;
				PRODUCT_BUNDLE_IDENTIFIER = com.adrianC.Vasflix;
				PRODUCT_NAME = "$(TARGET_NAME)";
				SUPPORTED_PLATFORMS = "iphoneos iphonesimulator";
				SUPPORTS_MACCATALYST = NO;
				SUPPORTS_MAC_DESIGNED_FOR_IPHONE_IPAD = NO;
				SUPPORTS_XR_DESIGNED_FOR_IPHONE_IPAD = NO;
				SWIFT_EMIT_LOC_STRINGS = YES;
				SWIFT_VERSION = 5.0;
				TARGETED_DEVICE_FAMILY = 1;
			};
			name = Release;
		};
/* End XCBuildConfiguration section */

/* Begin XCConfigurationList section */
		3A221AA62BBC97D9009C4792 /* Build configuration list for PBXProject "Vasflix" */ = {
			isa = XCConfigurationList;
			buildConfigurations = (
				3A221AB72BBC97DA009C4792 /* Debug */,
				3A221AB82BBC97DA009C4792 /* Release */,
			);
			defaultConfigurationIsVisible = 0;
			defaultConfigurationName = Release;
		};
		3A221AB92BBC97DA009C4792 /* Build configuration list for PBXNativeTarget "Vasflix" */ = {
			isa = XCConfigurationList;
			buildConfigurations = (
				3A221ABA2BBC97DA009C4792 /* Debug */,
				3A221ABB2BBC97DA009C4792 /* Release */,
			);
			defaultConfigurationIsVisible = 0;
			defaultConfigurationName = Release;
		};
/* End XCConfigurationList section */

/* Begin XCRemoteSwiftPackageReference section */
		3A452D8F2BEB56F900ECB52A /* XCRemoteSwiftPackageReference "firebase-ios-sdk" */ = {
			isa = XCRemoteSwiftPackageReference;
			repositoryURL = "https://github.com/firebase/firebase-ios-sdk";
			requirement = {
				branch = main;
				kind = branch;
			};
		};
		3A452D962BEC707C00ECB52A /* XCRemoteSwiftPackageReference "GoogleSignIn-iOS" */ = {
			isa = XCRemoteSwiftPackageReference;
			repositoryURL = "https://github.com/google/GoogleSignIn-iOS";
			requirement = {
				kind = upToNextMajorVersion;
				minimumVersion = 7.1.0;
			};
		};
/* End XCRemoteSwiftPackageReference section */

/* Begin XCSwiftPackageProductDependency section */
		3A452D902BEB56F900ECB52A /* FirebaseAuth */ = {
			isa = XCSwiftPackageProductDependency;
			package = 3A452D8F2BEB56F900ECB52A /* XCRemoteSwiftPackageReference "firebase-ios-sdk" */;
			productName = FirebaseAuth;
		};
		3A452D922BEB56F900ECB52A /* FirebaseFirestore */ = {
			isa = XCSwiftPackageProductDependency;
			package = 3A452D8F2BEB56F900ECB52A /* XCRemoteSwiftPackageReference "firebase-ios-sdk" */;
			productName = FirebaseFirestore;
		};
		3A452D972BEC707C00ECB52A /* GoogleSignIn */ = {
			isa = XCSwiftPackageProductDependency;
			package = 3A452D962BEC707C00ECB52A /* XCRemoteSwiftPackageReference "GoogleSignIn-iOS" */;
			productName = GoogleSignIn;
		};
		3A452D992BEC707C00ECB52A /* GoogleSignInSwift */ = {
			isa = XCSwiftPackageProductDependency;
			package = 3A452D962BEC707C00ECB52A /* XCRemoteSwiftPackageReference "GoogleSignIn-iOS" */;
			productName = GoogleSignInSwift;
		};
/* End XCSwiftPackageProductDependency section */
	};
	rootObject = 3A221AA32BBC97D9009C4792 /* Project object */;
}
